// !$*UTF8*$!
{
	archiveVersion = 1;
	classes = {
	};
	objectVersion = 56;
	objects = {

/* Begin PBXBuildFile section */
		220000000000000000000001 /* AppDelegate.swift in Sources */ = {isa = PBXBuildFile; fileRef = 110000000000000000000001 /* AppDelegate.swift */; };
		220000000000000000000002 /* MainViewController.swift in Sources */ = {isa = PBXBuildFile; fileRef = 110000000000000000000002 /* MainViewController.swift */; };
		220000000000000000000003 /* OnboardingViewController.swift in Sources */ = {isa = PBXBuildFile; fileRef = 110000000000000000000003 /* OnboardingViewController.swift */; };
		220000000000000000000004 /* SettingsViewController.swift in Sources */ = {isa = PBXBuildFile; fileRef = 110000000000000000000004 /* SettingsViewController.swift */; };
		220000000000000000000005 /* AppGroupConfig.swift in Sources */ = {isa = PBXBuildFile; fileRef = 110000000000000000000007 /* AppGroupConfig.swift */; };
		220000000000000000000006 /* KeychainManager.swift in Sources */ = {isa = PBXBuildFile; fileRef = 110000000000000000000008 /* KeychainManager.swift */; };
		220000000000000000000007 /* AnthropicProvider.swift in Sources */ = {isa = PBXBuildFile; fileRef = 110000000000000000000009 /* AnthropicProvider.swift */; };
		220000000000000000000008 /* GrammarProvider.swift in Sources */ = {isa = PBXBuildFile; fileRef = 11000000000000000000000A /* GrammarProvider.swift */; };
		220000000000000000000009 /* LocalGrammarProvider.swift in Sources */ = {isa = PBXBuildFile; fileRef = 11000000000000000000000B /* LocalGrammarProvider.swift */; };
		22000000000000000000000A /* OpenAIProvider.swift in Sources */ = {isa = PBXBuildFile; fileRef = 11000000000000000000000C /* OpenAIProvider.swift */; };
		22000000000000000000000B /* ProviderRegistry.swift in Sources */ = {isa = PBXBuildFile; fileRef = 11000000000000000000000D /* ProviderRegistry.swift */; };
		22000000000000000000000C /* SystemPrompts.swift in Sources */ = {isa = PBXBuildFile; fileRef = 11000000000000000000000E /* SystemPrompts.swift */; };
		220000000000000000000100 /* GrammarToolbar.swift in Sources */ = {isa = PBXBuildFile; fileRef = 110000000000000000000005 /* GrammarToolbar.swift */; };
		220000000000000000000101 /* KeyboardViewController.swift in Sources */ = {isa = PBXBuildFile; fileRef = 110000000000000000000006 /* KeyboardViewController.swift */; };
		220000000000000000000102 /* AppGroupConfig.swift in Sources */ = {isa = PBXBuildFile; fileRef = 110000000000000000000007 /* AppGroupConfig.swift */; };
		220000000000000000000103 /* KeychainManager.swift in Sources */ = {isa = PBXBuildFile; fileRef = 110000000000000000000008 /* KeychainManager.swift */; };
		220000000000000000000104 /* AnthropicProvider.swift in Sources */ = {isa = PBXBuildFile; fileRef = 110000000000000000000009 /* AnthropicProvider.swift */; };
		220000000000000000000105 /* GrammarProvider.swift in Sources */ = {isa = PBXBuildFile; fileRef = 11000000000000000000000A /* GrammarProvider.swift */; };
		220000000000000000000106 /* LocalGrammarProvider.swift in Sources */ = {isa = PBXBuildFile; fileRef = 11000000000000000000000B /* LocalGrammarProvider.swift */; };
		220000000000000000000107 /* OpenAIProvider.swift in Sources */ = {isa = PBXBuildFile; fileRef = 11000000000000000000000C /* OpenAIProvider.swift */; };
		220000000000000000000108 /* ProviderRegistry.swift in Sources */ = {isa = PBXBuildFile; fileRef = 11000000000000000000000D /* ProviderRegistry.swift */; };
		220000000000000000000109 /* SystemPrompts.swift in Sources */ = {isa = PBXBuildFile; fileRef = 11000000000000000000000E /* SystemPrompts.swift */; };
		220000000000000000000200 /* AnthropicProviderTests.swift in Sources */ = {isa = PBXBuildFile; fileRef = 11000000000000000000000F /* AnthropicProviderTests.swift */; };
		220000000000000000000201 /* LocalGrammarProviderTests.swift in Sources */ = {isa = PBXBuildFile; fileRef = 110000000000000000000010 /* LocalGrammarProviderTests.swift */; };
		220000000000000000000202 /* MockURLProtocol.swift in Sources */ = {isa = PBXBuildFile; fileRef = 110000000000000000000011 /* MockURLProtocol.swift */; };
		220000000000000000000203 /* OpenAIProviderTests.swift in Sources */ = {isa = PBXBuildFile; fileRef = 110000000000000000000012 /* OpenAIProviderTests.swift */; };
		220000000000000000000204 /* ProviderRegistryTests.swift in Sources */ = {isa = PBXBuildFile; fileRef = 110000000000000000000013 /* ProviderRegistryTests.swift */; };
		220000000000000000000205 /* FeatureGateTests.swift in Sources */ = {isa = PBXBuildFile; fileRef = 110000000000000000000020 /* FeatureGateTests.swift */; };
		220000000000000000000206 /* PurchaseManagerTests.swift in Sources */ = {isa = PBXBuildFile; fileRef = 110000000000000000000021 /* PurchaseManagerTests.swift */; };
		220000000000000000000207 /* AuthRepositoryTests.swift in Sources */ = {isa = PBXBuildFile; fileRef = 110000000000000000000022 /* AuthRepositoryTests.swift */; };
		220000000000000000000020 /* FeatureGate.swift in Sources */ = {isa = PBXBuildFile; fileRef = 11000000000000000000001C /* FeatureGate.swift */; };
		220000000000000000000021 /* PurchaseManager.swift in Sources */ = {isa = PBXBuildFile; fileRef = 11000000000000000000001D /* PurchaseManager.swift */; };
		220000000000000000000022 /* RevenueCatConfig.swift in Sources */ = {isa = PBXBuildFile; fileRef = 11000000000000000000001E /* RevenueCatConfig.swift */; };
		220000000000000000000023 /* AuthRepository.swift in Sources */ = {isa = PBXBuildFile; fileRef = 11000000000000000000001F /* AuthRepository.swift */; };
		220000000000000000000120 /* FeatureGate.swift in Sources */ = {isa = PBXBuildFile; fileRef = 11000000000000000000001C /* FeatureGate.swift */; };
		220000000000000000000300 /* KeyboardExtension.appex in Embed App Extensions */ = {isa = PBXBuildFile; fileRef = 110000000000000000000017 /* KeyboardExtension.appex */; settings = {ATTRIBUTES = (RemoveHeadersOnCopy, ); }; };
		220000000000000000000400 /* Assets.xcassets in Resources */ = {isa = PBXBuildFile; fileRef = 11000000000000000000001B /* Assets.xcassets */; };
		FIREBASE0000000000000004 /* FirebaseCore in Frameworks */ = {isa = PBXBuildFile; productRef = FIREBASE0000000000000002 /* FirebaseCore */; };
		FIREBASE0000000000000005 /* FirebaseAnalytics in Frameworks */ = {isa = PBXBuildFile; productRef = FIREBASE0000000000000003 /* FirebaseAnalytics */; };
/* End PBXBuildFile section */

/* Begin PBXContainerItemProxy section */
		AA0000000000000000000001 /* PBXContainerItemProxy */ = {
			isa = PBXContainerItemProxy;
			containerPortal = 550000000000000000000001 /* Project object */;
			proxyType = 1;
			remoteGlobalIDString = 440000000000000000000002;
			remoteInfo = KeyboardExtension;
		};
		AA0000000000000000000002 /* PBXContainerItemProxy */ = {
			isa = PBXContainerItemProxy;
			containerPortal = 550000000000000000000001 /* Project object */;
			proxyType = 1;
			remoteGlobalIDString = 440000000000000000000001;
			remoteInfo = TypistKeyboard;
		};
/* End PBXContainerItemProxy section */

/* Begin PBXCopyFilesBuildPhase section */
		660000000000000000000010 /* Embed App Extensions */ = {
			isa = PBXCopyFilesBuildPhase;
			buildActionMask = 2147483647;
			dstPath = "";
			dstSubfolderSpec = 13;
			files = (
				220000000000000000000300 /* KeyboardExtension.appex in Embed App Extensions */,
			);
			name = "Embed App Extensions";
			runOnlyForDeploymentPostprocessing = 0;
		};
/* End PBXCopyFilesBuildPhase section */

/* Begin PBXFileReference section */
		110000000000000000000001 /* AppDelegate.swift */ = {isa = PBXFileReference; lastKnownFileType = sourcecode.swift; path = AppDelegate.swift; sourceTree = "<group>"; };
		110000000000000000000002 /* MainViewController.swift */ = {isa = PBXFileReference; lastKnownFileType = sourcecode.swift; path = MainViewController.swift; sourceTree = "<group>"; };
		110000000000000000000003 /* OnboardingViewController.swift */ = {isa = PBXFileReference; lastKnownFileType = sourcecode.swift; path = OnboardingViewController.swift; sourceTree = "<group>"; };
		110000000000000000000004 /* SettingsViewController.swift */ = {isa = PBXFileReference; lastKnownFileType = sourcecode.swift; path = SettingsViewController.swift; sourceTree = "<group>"; };
		110000000000000000000005 /* GrammarToolbar.swift */ = {isa = PBXFileReference; lastKnownFileType = sourcecode.swift; path = GrammarToolbar.swift; sourceTree = "<group>"; };
		110000000000000000000006 /* KeyboardViewController.swift */ = {isa = PBXFileReference; lastKnownFileType = sourcecode.swift; path = KeyboardViewController.swift; sourceTree = "<group>"; };
		110000000000000000000007 /* AppGroupConfig.swift */ = {isa = PBXFileReference; lastKnownFileType = sourcecode.swift; path = AppGroupConfig.swift; sourceTree = "<group>"; };
		110000000000000000000008 /* KeychainManager.swift */ = {isa = PBXFileReference; lastKnownFileType = sourcecode.swift; path = KeychainManager.swift; sourceTree = "<group>"; };
		110000000000000000000009 /* AnthropicProvider.swift */ = {isa = PBXFileReference; lastKnownFileType = sourcecode.swift; path = AnthropicProvider.swift; sourceTree = "<group>"; };
		11000000000000000000000A /* GrammarProvider.swift */ = {isa = PBXFileReference; lastKnownFileType = sourcecode.swift; path = GrammarProvider.swift; sourceTree = "<group>"; };
		11000000000000000000000B /* LocalGrammarProvider.swift */ = {isa = PBXFileReference; lastKnownFileType = sourcecode.swift; path = LocalGrammarProvider.swift; sourceTree = "<group>"; };
		11000000000000000000000C /* OpenAIProvider.swift */ = {isa = PBXFileReference; lastKnownFileType = sourcecode.swift; path = OpenAIProvider.swift; sourceTree = "<group>"; };
		11000000000000000000000D /* ProviderRegistry.swift */ = {isa = PBXFileReference; lastKnownFileType = sourcecode.swift; path = ProviderRegistry.swift; sourceTree = "<group>"; };
		11000000000000000000000E /* SystemPrompts.swift */ = {isa = PBXFileReference; lastKnownFileType = sourcecode.swift; path = SystemPrompts.swift; sourceTree = "<group>"; };
		11000000000000000000000F /* AnthropicProviderTests.swift */ = {isa = PBXFileReference; lastKnownFileType = sourcecode.swift; path = AnthropicProviderTests.swift; sourceTree = "<group>"; };
		110000000000000000000010 /* LocalGrammarProviderTests.swift */ = {isa = PBXFileReference; lastKnownFileType = sourcecode.swift; path = LocalGrammarProviderTests.swift; sourceTree = "<group>"; };
		110000000000000000000011 /* MockURLProtocol.swift */ = {isa = PBXFileReference; lastKnownFileType = sourcecode.swift; path = MockURLProtocol.swift; sourceTree = "<group>"; };
		110000000000000000000012 /* OpenAIProviderTests.swift */ = {isa = PBXFileReference; lastKnownFileType = sourcecode.swift; path = OpenAIProviderTests.swift; sourceTree = "<group>"; };
		110000000000000000000013 /* ProviderRegistryTests.swift */ = {isa = PBXFileReference; lastKnownFileType = sourcecode.swift; path = ProviderRegistryTests.swift; sourceTree = "<group>"; };
		110000000000000000000014 /* Info.plist */ = {isa = PBXFileReference; lastKnownFileType = text.plist.xml; path = Info.plist; sourceTree = "<group>"; };
		110000000000000000000015 /* Info.plist */ = {isa = PBXFileReference; lastKnownFileType = text.plist.xml; path = Info.plist; sourceTree = "<group>"; };
		110000000000000000000016 /* TypistKeyboard.app */ = {isa = PBXFileReference; explicitFileType = wrapper.application; includeInIndex = 0; path = TypistKeyboard.app; sourceTree = BUILT_PRODUCTS_DIR; };
		110000000000000000000017 /* KeyboardExtension.appex */ = {isa = PBXFileReference; explicitFileType = "wrapper.app-extension"; includeInIndex = 0; path = KeyboardExtension.appex; sourceTree = BUILT_PRODUCTS_DIR; };
		110000000000000000000018 /* TypistKeyboardTests.xctest */ = {isa = PBXFileReference; explicitFileType = wrapper.cfbundle; includeInIndex = 0; path = TypistKeyboardTests.xctest; sourceTree = BUILT_PRODUCTS_DIR; };
		110000000000000000000019 /* TypistKeyboard.entitlements */ = {isa = PBXFileReference; lastKnownFileType = text.plist.entitlements; path = TypistKeyboard.entitlements; sourceTree = "<group>"; };
		11000000000000000000001A /* KeyboardExtension.entitlements */ = {isa = PBXFileReference; lastKnownFileType = text.plist.entitlements; path = KeyboardExtension.entitlements; sourceTree = "<group>"; };
		11000000000000000000001B /* Assets.xcassets */ = {isa = PBXFileReference; lastKnownFileType = folder.assetcatalog; path = Assets.xcassets; sourceTree = "<group>"; };
		11000000000000000000001C /* FeatureGate.swift */ = {isa = PBXFileReference; lastKnownFileType = sourcecode.swift; path = FeatureGate.swift; sourceTree = "<group>"; };
		11000000000000000000001D /* PurchaseManager.swift */ = {isa = PBXFileReference; lastKnownFileType = sourcecode.swift; path = PurchaseManager.swift; sourceTree = "<group>"; };
		11000000000000000000001E /* RevenueCatConfig.swift */ = {isa = PBXFileReference; lastKnownFileType = sourcecode.swift; path = RevenueCatConfig.swift; sourceTree = "<group>"; };
		11000000000000000000001F /* AuthRepository.swift */ = {isa = PBXFileReference; lastKnownFileType = sourcecode.swift; path = AuthRepository.swift; sourceTree = "<group>"; };
		110000000000000000000020 /* FeatureGateTests.swift */ = {isa = PBXFileReference; lastKnownFileType = sourcecode.swift; path = FeatureGateTests.swift; sourceTree = "<group>"; };
		110000000000000000000021 /* PurchaseManagerTests.swift */ = {isa = PBXFileReference; lastKnownFileType = sourcecode.swift; path = PurchaseManagerTests.swift; sourceTree = "<group>"; };
		110000000000000000000022 /* AuthRepositoryTests.swift */ = {isa = PBXFileReference; lastKnownFileType = sourcecode.swift; path = AuthRepositoryTests.swift; sourceTree = "<group>"; };
/* End PBXFileReference section */

/* Begin PBXFrameworksBuildPhase section */
		660000000000000000000003 /* Frameworks */ = {
			isa = PBXFrameworksBuildPhase;
			buildActionMask = 2147483647;
			files = (
				FIREBASE0000000000000004 /* FirebaseCore in Frameworks */,
				FIREBASE0000000000000005 /* FirebaseAnalytics in Frameworks */,
			);
			runOnlyForDeploymentPostprocessing = 0;
		};
		660000000000000000000006 /* Frameworks */ = {
			isa = PBXFrameworksBuildPhase;
			buildActionMask = 2147483647;
			files = (
			);
			runOnlyForDeploymentPostprocessing = 0;
		};
		660000000000000000000009 /* Frameworks */ = {
			isa = PBXFrameworksBuildPhase;
			buildActionMask = 2147483647;
			files = (
			);
			runOnlyForDeploymentPostprocessing = 0;
		};
/* End PBXFrameworksBuildPhase section */

/* Begin PBXGroup section */
		330000000000000000000001 /* TypistKeyboard */ = {
			isa = PBXGroup;
			children = (
				330000000000000000000003 /* ContainerApp */,
				330000000000000000000004 /* KeyboardExtension */,
				330000000000000000000005 /* Shared */,
				330000000000000000000009 /* TypistKeyboardTests */,
				330000000000000000000002 /* Products */,
			);
			sourceTree = "<group>";
		};
		330000000000000000000002 /* Products */ = {
			isa = PBXGroup;
			children = (
				110000000000000000000016 /* TypistKeyboard.app */,
				110000000000000000000017 /* KeyboardExtension.appex */,
				110000000000000000000018 /* TypistKeyboardTests.xctest */,
			);
			name = Products;
			sourceTree = "<group>";
		};
		330000000000000000000003 /* ContainerApp */ = {
			isa = PBXGroup;
			children = (
				110000000000000000000001 /* AppDelegate.swift */,
				110000000000000000000002 /* MainViewController.swift */,
				110000000000000000000003 /* OnboardingViewController.swift */,
				110000000000000000000004 /* SettingsViewController.swift */,
				110000000000000000000014 /* Info.plist */,
				110000000000000000000019 /* TypistKeyboard.entitlements */,
				11000000000000000000001B /* Assets.xcassets */,
			);
			path = ContainerApp;
			sourceTree = "<group>";
		};
		330000000000000000000004 /* KeyboardExtension */ = {
			isa = PBXGroup;
			children = (
				110000000000000000000005 /* GrammarToolbar.swift */,
				110000000000000000000006 /* KeyboardViewController.swift */,
				110000000000000000000015 /* Info.plist */,
				11000000000000000000001A /* KeyboardExtension.entitlements */,
			);
			path = KeyboardExtension;
			sourceTree = "<group>";
		};
		330000000000000000000005 /* Shared */ = {
			isa = PBXGroup;
			children = (
				330000000000000000000006 /* AppGroup */,
				330000000000000000000007 /* Keychain */,
				330000000000000000000008 /* Providers */,
				330000000000000000000010 /* Monetization */,
				330000000000000000000011 /* Auth */,
			);
			path = Shared;
			sourceTree = "<group>";
		};
		330000000000000000000010 /* Monetization */ = {
			isa = PBXGroup;
			children = (
				11000000000000000000001C /* FeatureGate.swift */,
				11000000000000000000001D /* PurchaseManager.swift */,
				11000000000000000000001E /* RevenueCatConfig.swift */,
			);
			path = Monetization;
			sourceTree = "<group>";
		};
		330000000000000000000011 /* Auth */ = {
			isa = PBXGroup;
			children = (
				11000000000000000000001F /* AuthRepository.swift */,
			);
			path = Auth;
			sourceTree = "<group>";
		};
		330000000000000000000006 /* AppGroup */ = {
			isa = PBXGroup;
			children = (
				110000000000000000000007 /* AppGroupConfig.swift */,
			);
			path = AppGroup;
			sourceTree = "<group>";
		};
		330000000000000000000007 /* Keychain */ = {
			isa = PBXGroup;
			children = (
				110000000000000000000008 /* KeychainManager.swift */,
			);
			path = Keychain;
			sourceTree = "<group>";
		};
		330000000000000000000008 /* Providers */ = {
			isa = PBXGroup;
			children = (
				110000000000000000000009 /* AnthropicProvider.swift */,
				11000000000000000000000A /* GrammarProvider.swift */,
				11000000000000000000000B /* LocalGrammarProvider.swift */,
				11000000000000000000000C /* OpenAIProvider.swift */,
				11000000000000000000000D /* ProviderRegistry.swift */,
				11000000000000000000000E /* SystemPrompts.swift */,
			);
			path = Providers;
			sourceTree = "<group>";
		};
		330000000000000000000009 /* TypistKeyboardTests */ = {
			isa = PBXGroup;
			children = (
				11000000000000000000000F /* AnthropicProviderTests.swift */,
				110000000000000000000010 /* LocalGrammarProviderTests.swift */,
				110000000000000000000011 /* MockURLProtocol.swift */,
				110000000000000000000012 /* OpenAIProviderTests.swift */,
				110000000000000000000013 /* ProviderRegistryTests.swift */,
				110000000000000000000020 /* FeatureGateTests.swift */,
				110000000000000000000021 /* PurchaseManagerTests.swift */,
				110000000000000000000022 /* AuthRepositoryTests.swift */,
			);
			path = TypistKeyboardTests;
			sourceTree = "<group>";
		};
/* End PBXGroup section */

/* Begin PBXNativeTarget section */
		440000000000000000000001 /* TypistKeyboard */ = {
			isa = PBXNativeTarget;
			buildConfigurationList = 880000000000000000000002 /* Build configuration list for PBXNativeTarget "TypistKeyboard" */;
			buildPhases = (
				660000000000000000000001 /* Sources */,
				660000000000000000000002 /* Resources */,
				660000000000000000000003 /* Frameworks */,
				660000000000000000000010 /* Embed App Extensions */,
			);
			buildRules = (
			);
			dependencies = (
				990000000000000000000001 /* PBXTargetDependency */,
			);
			name = TypistKeyboard;
			packageProductDependencies = (
				FIREBASE0000000000000002 /* FirebaseCore */,
				FIREBASE0000000000000003 /* FirebaseAnalytics */,
				REVENUECAT000000000000002 /* RevenueCat */,
			);
			productName = TypistKeyboard;
			productReference = 110000000000000000000016 /* TypistKeyboard.app */;
			productType = "com.apple.product-type.application";
		};
		440000000000000000000002 /* KeyboardExtension */ = {
			isa = PBXNativeTarget;
			buildConfigurationList = 880000000000000000000003 /* Build configuration list for PBXNativeTarget "KeyboardExtension" */;
			buildPhases = (
				660000000000000000000004 /* Sources */,
				660000000000000000000005 /* Resources */,
				660000000000000000000006 /* Frameworks */,
			);
			buildRules = (
			);
			dependencies = (
			);
			name = KeyboardExtension;
			productName = KeyboardExtension;
			productReference = 110000000000000000000017 /* KeyboardExtension.appex */;
			productType = "com.apple.product-type.app-extension";
		};
		440000000000000000000003 /* TypistKeyboardTests */ = {
			isa = PBXNativeTarget;
			buildConfigurationList = 880000000000000000000004 /* Build configuration list for PBXNativeTarget "TypistKeyboardTests" */;
			buildPhases = (
				660000000000000000000007 /* Sources */,
				660000000000000000000008 /* Resources */,
				660000000000000000000009 /* Frameworks */,
			);
			buildRules = (
			);
			dependencies = (
				990000000000000000000002 /* PBXTargetDependency */,
			);
			name = TypistKeyboardTests;
			productName = TypistKeyboardTests;
			productReference = 110000000000000000000018 /* TypistKeyboardTests.xctest */;
			productType = "com.apple.product-type.bundle.unit-test";
		};
/* End PBXNativeTarget section */

/* Begin PBXProject section */
		550000000000000000000001 /* Project object */ = {
			isa = PBXProject;
			attributes = {
				BuildIndependentTargetsInParallel = 1;
				LastSwiftUpdateCheck = 1500;
				LastUpgradeCheck = 1500;
				TargetAttributes = {
					440000000000000000000001 = {
						CreatedOnToolsVersion = 15.0;
					};
					440000000000000000000002 = {
						CreatedOnToolsVersion = 15.0;
					};
					440000000000000000000003 = {
						CreatedOnToolsVersion = 15.0;
						TestTargetID = 440000000000000000000001;
					};
				};
			};
			buildConfigurationList = 880000000000000000000001 /* Build configuration list for PBXProject "TypistKeyboard" */;
			compatibilityVersion = "Xcode 14.0";
			developmentRegion = en;
			hasScannedForEncodings = 0;
			knownRegions = (
				en,
				Base,
			);
			mainGroup = 330000000000000000000001;
			productRefGroup = 330000000000000000000002 /* Products */;
			packageReferences = (
				FIREBASE0000000000000001 /* XCRemoteSwiftPackageReference "firebase-ios-sdk" */,
				REVENUECAT000000000000001 /* XCRemoteSwiftPackageReference "purchases-ios" */,
			);
			projectDirPath = "";
			projectRoot = "";
			targets = (
				440000000000000000000001 /* TypistKeyboard */,
				440000000000000000000002 /* KeyboardExtension */,
				440000000000000000000003 /* TypistKeyboardTests */,
			);
		};
/* End PBXProject section */

/* Begin PBXResourcesBuildPhase section */
		660000000000000000000002 /* Resources */ = {
			isa = PBXResourcesBuildPhase;
			buildActionMask = 2147483647;
			files = (
				220000000000000000000400 /* Assets.xcassets in Resources */,
			);
			runOnlyForDeploymentPostprocessing = 0;
		};
		660000000000000000000005 /* Resources */ = {
			isa = PBXResourcesBuildPhase;
			buildActionMask = 2147483647;
			files = (
			);
			runOnlyForDeploymentPostprocessing = 0;
		};
		660000000000000000000008 /* Resources */ = {
			isa = PBXResourcesBuildPhase;
			buildActionMask = 2147483647;
			files = (
			);
			runOnlyForDeploymentPostprocessing = 0;
		};
/* End PBXResourcesBuildPhase section */

/* Begin PBXSourcesBuildPhase section */
		660000000000000000000001 /* Sources */ = {
			isa = PBXSourcesBuildPhase;
			buildActionMask = 2147483647;
			files = (
				220000000000000000000001 /* AppDelegate.swift in Sources */,
				220000000000000000000002 /* MainViewController.swift in Sources */,
				220000000000000000000003 /* OnboardingViewController.swift in Sources */,
				220000000000000000000004 /* SettingsViewController.swift in Sources */,
				220000000000000000000005 /* AppGroupConfig.swift in Sources */,
				220000000000000000000006 /* KeychainManager.swift in Sources */,
				220000000000000000000007 /* AnthropicProvider.swift in Sources */,
				220000000000000000000008 /* GrammarProvider.swift in Sources */,
				220000000000000000000009 /* LocalGrammarProvider.swift in Sources */,
				22000000000000000000000A /* OpenAIProvider.swift in Sources */,
				22000000000000000000000B /* ProviderRegistry.swift in Sources */,
				22000000000000000000000C /* SystemPrompts.swift in Sources */,
				220000000000000000000020 /* FeatureGate.swift in Sources */,
				220000000000000000000021 /* PurchaseManager.swift in Sources */,
				220000000000000000000022 /* RevenueCatConfig.swift in Sources */,
				220000000000000000000023 /* AuthRepository.swift in Sources */,
			);
			runOnlyForDeploymentPostprocessing = 0;
		};
		660000000000000000000004 /* Sources */ = {
			isa = PBXSourcesBuildPhase;
			buildActionMask = 2147483647;
			files = (
				220000000000000000000100 /* GrammarToolbar.swift in Sources */,
				220000000000000000000101 /* KeyboardViewController.swift in Sources */,
				220000000000000000000102 /* AppGroupConfig.swift in Sources */,
				220000000000000000000103 /* KeychainManager.swift in Sources */,
				220000000000000000000104 /* AnthropicProvider.swift in Sources */,
				220000000000000000000105 /* GrammarProvider.swift in Sources */,
				220000000000000000000106 /* LocalGrammarProvider.swift in Sources */,
				220000000000000000000107 /* OpenAIProvider.swift in Sources */,
				220000000000000000000108 /* ProviderRegistry.swift in Sources */,
				220000000000000000000109 /* SystemPrompts.swift in Sources */,
				220000000000000000000120 /* FeatureGate.swift in Sources */,
			);
			runOnlyForDeploymentPostprocessing = 0;
		};
		660000000000000000000007 /* Sources */ = {
			isa = PBXSourcesBuildPhase;
			buildActionMask = 2147483647;
			files = (
				220000000000000000000200 /* AnthropicProviderTests.swift in Sources */,
				220000000000000000000201 /* LocalGrammarProviderTests.swift in Sources */,
				220000000000000000000202 /* MockURLProtocol.swift in Sources */,
				220000000000000000000203 /* OpenAIProviderTests.swift in Sources */,
				220000000000000000000204 /* ProviderRegistryTests.swift in Sources */,
				220000000000000000000205 /* FeatureGateTests.swift in Sources */,
				220000000000000000000206 /* PurchaseManagerTests.swift in Sources */,
				220000000000000000000207 /* AuthRepositoryTests.swift in Sources */,
			);
			runOnlyForDeploymentPostprocessing = 0;
		};
/* End PBXSourcesBuildPhase section */

/* Begin PBXTargetDependency section */
		990000000000000000000001 /* PBXTargetDependency */ = {
			isa = PBXTargetDependency;
			target = 440000000000000000000002 /* KeyboardExtension */;
			targetProxy = AA0000000000000000000001 /* PBXContainerItemProxy */;
		};
		990000000000000000000002 /* PBXTargetDependency */ = {
			isa = PBXTargetDependency;
			target = 440000000000000000000001 /* TypistKeyboard */;
			targetProxy = AA0000000000000000000002 /* PBXContainerItemProxy */;
		};
/* End PBXTargetDependency section */

/* Begin XCBuildConfiguration section */
		770000000000000000000001 /* Debug */ = {
			isa = XCBuildConfiguration;
			buildSettings = {
				ALWAYS_SEARCH_USER_PATHS = NO;
				CLANG_ANALYZER_NONNULL = YES;
				CLANG_ANALYZER_NUMBER_OBJECT_CONVERSION = YES_AGGRESSIVE;
				CLANG_CXX_LANGUAGE_STANDARD = "gnu++20";
				CLANG_ENABLE_MODULES = YES;
				CLANG_ENABLE_OBJC_ARC = YES;
				CLANG_ENABLE_OBJC_WEAK = YES;
				CLANG_WARN_BLOCK_CAPTURE_AUTORELEASING = YES;
				CLANG_WARN_BOOL_CONVERSION = YES;
				CLANG_WARN_COMMA = YES;
				CLANG_WARN_CONSTANT_CONVERSION = YES;
				CLANG_WARN_DEPRECATED_OBJC_IMPLEMENTATIONS = YES;
				CLANG_WARN_DIRECT_OBJC_ISA_USAGE = YES_ERROR;
				CLANG_WARN_DOCUMENTATION_COMMENTS = YES;
				CLANG_WARN_EMPTY_BODY = YES;
				CLANG_WARN_ENUM_CONVERSION = YES;
				CLANG_WARN_INFINITE_RECURSION = YES;
				CLANG_WARN_INT_CONVERSION = YES;
				CLANG_WARN_NON_LITERAL_NULL_CONVERSION = YES;
				CLANG_WARN_OBJC_IMPLICIT_RETAIN_SELF = YES;
				CLANG_WARN_OBJC_LITERAL_CONVERSION = YES;
				CLANG_WARN_OBJC_ROOT_CLASS = YES_ERROR;
				CLANG_WARN_QUOTED_INCLUDE_IN_FRAMEWORK_HEADER = YES;
				CLANG_WARN_RANGE_LOOP_ANALYSIS = YES;
				CLANG_WARN_STRICT_PROTOTYPES = YES;
				CLANG_WARN_SUSPICIOUS_MOVE = YES;
				CLANG_WARN_UNGUARDED_AVAILABILITY = YES_AGGRESSIVE;
				CLANG_WARN_UNREACHABLE_CODE = YES;
				CLANG_WARN__DUPLICATE_METHOD_MATCH = YES;
				COPY_PHASE_STRIP = NO;
				DEBUG_INFORMATION_FORMAT = dwarf;
				ENABLE_STRICT_OBJC_MSGSEND = YES;
				ENABLE_TESTABILITY = YES;
				GCC_C_LANGUAGE_STANDARD = gnu11;
				GCC_DYNAMIC_NO_PIC = NO;
				GCC_NO_COMMON_BLOCKS = YES;
				GCC_OPTIMIZATION_LEVEL = 0;
				GCC_PREPROCESSOR_DEFINITIONS = (
					"DEBUG=1",
					"$(inherited)",
				);
				GCC_WARN_64_TO_32_BIT_CONVERSION = YES;
				GCC_WARN_ABOUT_RETURN_TYPE = YES_ERROR;
				GCC_WARN_UNDECLARED_SELECTOR = YES;
				GCC_WARN_UNINITIALIZED_AUTOS = YES_AGGRESSIVE;
				GCC_WARN_UNUSED_FUNCTION = YES;
				GCC_WARN_UNUSED_VARIABLE = YES;
				IPHONEOS_DEPLOYMENT_TARGET = 15.0;
				MTL_ENABLE_DEBUG_INFO = INCLUDE_SOURCE;
				MTL_FAST_MATH = YES;
				ONLY_ACTIVE_ARCH = YES;
				SDKROOT = iphoneos;
				SWIFT_ACTIVE_COMPILATION_CONDITIONS = DEBUG;
				SWIFT_OPTIMIZATION_LEVEL = "-Onone";
			};
			name = Debug;
		};
		770000000000000000000002 /* Release */ = {
			isa = XCBuildConfiguration;
			buildSettings = {
				ALWAYS_SEARCH_USER_PATHS = NO;
				CLANG_ANALYZER_NONNULL = YES;
				CLANG_ANALYZER_NUMBER_OBJECT_CONVERSION = YES_AGGRESSIVE;
				CLANG_CXX_LANGUAGE_STANDARD = "gnu++20";
				CLANG_ENABLE_MODULES = YES;
				CLANG_ENABLE_OBJC_ARC = YES;
				CLANG_ENABLE_OBJC_WEAK = YES;
				CLANG_WARN_BLOCK_CAPTURE_AUTORELEASING = YES;
				CLANG_WARN_BOOL_CONVERSION = YES;
				CLANG_WARN_COMMA = YES;
				CLANG_WARN_CONSTANT_CONVERSION = YES;
				CLANG_WARN_DEPRECATED_OBJC_IMPLEMENTATIONS = YES;
				CLANG_WARN_DIRECT_OBJC_ISA_USAGE = YES_ERROR;
				CLANG_WARN_DOCUMENTATION_COMMENTS = YES;
				CLANG_WARN_EMPTY_BODY = YES;
				CLANG_WARN_ENUM_CONVERSION = YES;
				CLANG_WARN_INFINITE_RECURSION = YES;
				CLANG_WARN_INT_CONVERSION = YES;
				CLANG_WARN_NON_LITERAL_NULL_CONVERSION = YES;
				CLANG_WARN_OBJC_IMPLICIT_RETAIN_SELF = YES;
				CLANG_WARN_OBJC_LITERAL_CONVERSION = YES;
				CLANG_WARN_OBJC_ROOT_CLASS = YES_ERROR;
				CLANG_WARN_QUOTED_INCLUDE_IN_FRAMEWORK_HEADER = YES;
				CLANG_WARN_RANGE_LOOP_ANALYSIS = YES;
				CLANG_WARN_STRICT_PROTOTYPES = YES;
				CLANG_WARN_SUSPICIOUS_MOVE = YES;
				CLANG_WARN_UNGUARDED_AVAILABILITY = YES_AGGRESSIVE;
				CLANG_WARN_UNREACHABLE_CODE = YES;
				CLANG_WARN__DUPLICATE_METHOD_MATCH = YES;
				COPY_PHASE_STRIP = NO;
				DEBUG_INFORMATION_FORMAT = "dwarf-with-dsym";
				ENABLE_NS_ASSERTIONS = NO;
				ENABLE_STRICT_OBJC_MSGSEND = YES;
				GCC_C_LANGUAGE_STANDARD = gnu11;
				GCC_NO_COMMON_BLOCKS = YES;
				GCC_WARN_64_TO_32_BIT_CONVERSION = YES;
				GCC_WARN_ABOUT_RETURN_TYPE = YES_ERROR;
				GCC_WARN_UNDECLARED_SELECTOR = YES;
				GCC_WARN_UNINITIALIZED_AUTOS = YES_AGGRESSIVE;
				GCC_WARN_UNUSED_FUNCTION = YES;
				GCC_WARN_UNUSED_VARIABLE = YES;
				IPHONEOS_DEPLOYMENT_TARGET = 15.0;
				MTL_ENABLE_DEBUG_INFO = NO;
				MTL_FAST_MATH = YES;
				SDKROOT = iphoneos;
				SWIFT_COMPILATION_MODE = wholemodule;
				SWIFT_OPTIMIZATION_LEVEL = "-Owholemodule";
				VALIDATE_PRODUCT = YES;
			};
			name = Release;
		};
		770000000000000000000003 /* Debug */ = {
			isa = XCBuildConfiguration;
			buildSettings = {
				ASSETCATALOG_COMPILER_APPICON_NAME = AppIcon;
				CODE_SIGN_ENTITLEMENTS = ContainerApp/TypistKeyboard.entitlements;
				CODE_SIGN_STYLE = Automatic;
				DEVELOPMENT_TEAM = "";
				INFOPLIST_FILE = ContainerApp/Info.plist;
				IPHONEOS_DEPLOYMENT_TARGET = 15.0;
				LD_RUNPATH_SEARCH_PATHS = (
					"$(inherited)",
					"@executable_path/Frameworks",
				);
				PRODUCT_BUNDLE_IDENTIFIER = com.typlx.keyboard;
				PRODUCT_NAME = TypistKeyboard;
				SWIFT_EMIT_LOC_STRINGS = YES;
				SWIFT_VERSION = 5.0;
				TARGETED_DEVICE_FAMILY = "1,2";
			};
			name = Debug;
		};
		770000000000000000000004 /* Release */ = {
			isa = XCBuildConfiguration;
			buildSettings = {
				ASSETCATALOG_COMPILER_APPICON_NAME = AppIcon;
				CODE_SIGN_ENTITLEMENTS = ContainerApp/TypistKeyboard.entitlements;
				CODE_SIGN_STYLE = Automatic;
				DEVELOPMENT_TEAM = "";
				INFOPLIST_FILE = ContainerApp/Info.plist;
				IPHONEOS_DEPLOYMENT_TARGET = 15.0;
				LD_RUNPATH_SEARCH_PATHS = (
					"$(inherited)",
					"@executable_path/Frameworks",
				);
				PRODUCT_BUNDLE_IDENTIFIER = com.typlx.keyboard;
				PRODUCT_NAME = TypistKeyboard;
				SWIFT_EMIT_LOC_STRINGS = YES;
				SWIFT_VERSION = 5.0;
				TARGETED_DEVICE_FAMILY = "1,2";
			};
			name = Release;
		};
		770000000000000000000005 /* Debug */ = {
			isa = XCBuildConfiguration;
			buildSettings = {
				CODE_SIGN_ENTITLEMENTS = KeyboardExtension/KeyboardExtension.entitlements;
				CODE_SIGN_STYLE = Automatic;
				DEVELOPMENT_TEAM = "";
				INFOPLIST_FILE = KeyboardExtension/Info.plist;
				IPHONEOS_DEPLOYMENT_TARGET = 15.0;
				LD_RUNPATH_SEARCH_PATHS = (
					"$(inherited)",
					"@executable_path/../../Frameworks",
				);
				PRODUCT_BUNDLE_IDENTIFIER = com.typlx.keyboard.extension;
				PRODUCT_NAME = KeyboardExtension;
				SKIP_INSTALL = YES;
				SWIFT_EMIT_LOC_STRINGS = YES;
				SWIFT_VERSION = 5.0;
				TARGETED_DEVICE_FAMILY = "1,2";
			};
			name = Debug;
		};
		770000000000000000000006 /* Release */ = {
			isa = XCBuildConfiguration;
			buildSettings = {
				CODE_SIGN_ENTITLEMENTS = KeyboardExtension/KeyboardExtension.entitlements;
				CODE_SIGN_STYLE = Automatic;
				DEVELOPMENT_TEAM = "";
				INFOPLIST_FILE = KeyboardExtension/Info.plist;
				IPHONEOS_DEPLOYMENT_TARGET = 15.0;
				LD_RUNPATH_SEARCH_PATHS = (
					"$(inherited)",
					"@executable_path/../../Frameworks",
				);
				PRODUCT_BUNDLE_IDENTIFIER = com.typlx.keyboard.extension;
				PRODUCT_NAME = KeyboardExtension;
				SKIP_INSTALL = YES;
				SWIFT_EMIT_LOC_STRINGS = YES;
				SWIFT_VERSION = 5.0;
				TARGETED_DEVICE_FAMILY = "1,2";
			};
			name = Release;
		};
		770000000000000000000007 /* Debug */ = {
			isa = XCBuildConfiguration;
			buildSettings = {
				BUNDLE_LOADER = "$(TEST_HOST)";
				CODE_SIGN_STYLE = Automatic;
				DEVELOPMENT_TEAM = "";
				GENERATE_INFOPLIST_FILE = YES;
				IPHONEOS_DEPLOYMENT_TARGET = 15.0;
				PRODUCT_BUNDLE_IDENTIFIER = com.typlx.keyboard.tests;
				PRODUCT_NAME = TypistKeyboardTests;
				SWIFT_EMIT_LOC_STRINGS = NO;
				SWIFT_VERSION = 5.0;
				TARGETED_DEVICE_FAMILY = "1,2";
				TEST_HOST = "$(BUILT_PRODUCTS_DIR)/TypistKeyboard.app/TypistKeyboard";
			};
			name = Debug;
		};
		770000000000000000000008 /* Release */ = {
			isa = XCBuildConfiguration;
			buildSettings = {
				BUNDLE_LOADER = "$(TEST_HOST)";
				CODE_SIGN_STYLE = Automatic;
				DEVELOPMENT_TEAM = "";
				GENERATE_INFOPLIST_FILE = YES;
				IPHONEOS_DEPLOYMENT_TARGET = 15.0;
				PRODUCT_BUNDLE_IDENTIFIER = com.typlx.keyboard.tests;
				PRODUCT_NAME = TypistKeyboardTests;
				SWIFT_EMIT_LOC_STRINGS = NO;
				SWIFT_VERSION = 5.0;
				TARGETED_DEVICE_FAMILY = "1,2";
				TEST_HOST = "$(BUILT_PRODUCTS_DIR)/TypistKeyboard.app/TypistKeyboard";
			};
			name = Release;
		};
/* End XCBuildConfiguration section */

/* Begin XCConfigurationList section */
		880000000000000000000001 /* Build configuration list for PBXProject "TypistKeyboard" */ = {
			isa = XCConfigurationList;
			buildConfigurations = (
				770000000000000000000001 /* Debug */,
				770000000000000000000002 /* Release */,
			);
			defaultConfigurationIsVisible = 0;
			defaultConfigurationName = Release;
		};
		880000000000000000000002 /* Build configuration list for PBXNativeTarget "TypistKeyboard" */ = {
			isa = XCConfigurationList;
			buildConfigurations = (
				770000000000000000000003 /* Debug */,
				770000000000000000000004 /* Release */,
			);
			defaultConfigurationIsVisible = 0;
			defaultConfigurationName = Release;
		};
		880000000000000000000003 /* Build configuration list for PBXNativeTarget "KeyboardExtension" */ = {
			isa = XCConfigurationList;
			buildConfigurations = (
				770000000000000000000005 /* Debug */,
				770000000000000000000006 /* Release */,
			);
			defaultConfigurationIsVisible = 0;
			defaultConfigurationName = Release;
		};
		880000000000000000000004 /* Build configuration list for PBXNativeTarget "TypistKeyboardTests" */ = {
			isa = XCConfigurationList;
			buildConfigurations = (
				770000000000000000000007 /* Debug */,
				770000000000000000000008 /* Release */,
			);
			defaultConfigurationIsVisible = 0;
			defaultConfigurationName = Release;
		};
/* End XCConfigurationList section */

/* Begin XCRemoteSwiftPackageReference section */
		FIREBASE0000000000000001 /* XCRemoteSwiftPackageReference "firebase-ios-sdk" */ = {
			isa = XCRemoteSwiftPackageReference;
			repositoryURL = "https://github.com/firebase/firebase-ios-sdk";
			requirement = {
				kind = upToNextMajorVersion;
				minimumVersion = 10.0.0;
			};
		};
		REVENUECAT000000000000001 /* XCRemoteSwiftPackageReference "purchases-ios" */ = {
			isa = XCRemoteSwiftPackageReference;
			repositoryURL = "https://github.com/RevenueCat/purchases-ios";
			requirement = {
				kind = upToNextMajorVersion;
				minimumVersion = 4.0.0;
			};
		};
/* End XCRemoteSwiftPackageReference section */

/* Begin XCSwiftPackageProductDependency section */
		FIREBASE0000000000000002 /* FirebaseCore */ = {
			isa = XCSwiftPackageProductDependency;
			package = FIREBASE0000000000000001 /* XCRemoteSwiftPackageReference "firebase-ios-sdk" */;
			productName = FirebaseCore;
		};
		FIREBASE0000000000000003 /* FirebaseAnalytics */ = {
			isa = XCSwiftPackageProductDependency;
			package = FIREBASE0000000000000001 /* XCRemoteSwiftPackageReference "firebase-ios-sdk" */;
			productName = FirebaseAnalytics;
		};
		REVENUECAT000000000000002 /* RevenueCat */ = {
			isa = XCSwiftPackageProductDependency;
			package = REVENUECAT000000000000001 /* XCRemoteSwiftPackageReference "purchases-ios" */;
			productName = RevenueCat;
		};
/* End XCSwiftPackageProductDependency section */
	};
	rootObject = 550000000000000000000001 /* Project object */;
}
