// !$*UTF8*$!
{
	archiveVersion = 1;
	classes = {
	};
	objectVersion = 56;
	objects = {

/* Begin PBXBuildFile section */
		2B2B2B2B2B2B2B2B2B2B2B01 /* TyplxApp.swift in Sources */ = {isa = PBXBuildFile; fileRef = 1A1A1A1A1A1A1A1A1A1A1A01 /* TyplxApp.swift */; };
		2B2B2B2B2B2B2B2B2B2B2B02 /* ContentView.swift in Sources */ = {isa = PBXBuildFile; fileRef = 1A1A1A1A1A1A1A1A1A1A1A02 /* ContentView.swift */; };
		2B2B2B2B2B2B2B2B2B2B2B03 /* SettingsView.swift in Sources */ = {isa = PBXBuildFile; fileRef = 1A1A1A1A1A1A1A1A1A1A1A03 /* SettingsView.swift */; };
		2B2B2B2B2B2B2B2B2B2B2B04 /* SharedSettings.swift in Sources */ = {isa = PBXBuildFile; fileRef = 1A1A1A1A1A1A1A1A1A1A1A04 /* SharedSettings.swift */; };
		2B2B2B2B2B2B2B2B2B2B2B05 /* APIService.swift in Sources */ = {isa = PBXBuildFile; fileRef = 1A1A1A1A1A1A1A1A1A1A1A05 /* APIService.swift */; };
		2B2B2B2B2B2B2B2B2B2B2B06 /* Assets.xcassets in Resources */ = {isa = PBXBuildFile; fileRef = 1A1A1A1A1A1A1A1A1A1A1A06 /* Assets.xcassets */; };
		2B2B2B2B2B2B2B2B2B2B2B07 /* KeyboardViewController.swift in Sources */ = {isa = PBXBuildFile; fileRef = 1A1A1A1A1A1A1A1A1A1A1A09 /* KeyboardViewController.swift */; };
		2B2B2B2B2B2B2B2B2B2B2B08 /* QWERTYKeyboardView.swift in Sources */ = {isa = PBXBuildFile; fileRef = 1A1A1A1A1A1A1A1A1A1A1A10 /* QWERTYKeyboardView.swift */; };
		2B2B2B2B2B2B2B2B2B2B2B09 /* KeyboardViewModel.swift in Sources */ = {isa = PBXBuildFile; fileRef = 1A1A1A1A1A1A1A1A1A1A1A11 /* KeyboardViewModel.swift */; };
		2B2B2B2B2B2B2B2B2B2B2B0A /* SharedSettings.swift in Sources */ = {isa = PBXBuildFile; fileRef = 1A1A1A1A1A1A1A1A1A1A1A04 /* SharedSettings.swift */; };
		2B2B2B2B2B2B2B2B2B2B2B0B /* APIService.swift in Sources */ = {isa = PBXBuildFile; fileRef = 1A1A1A1A1A1A1A1A1A1A1A05 /* APIService.swift */; };
		2B2B2B2B2B2B2B2B2B2B2B0C /* TyplxKeyboard.appex in CopyFiles */ = {isa = PBXBuildFile; fileRef = 1A1A1A1A1A1A1A1A1A1A1A15 /* TyplxKeyboard.appex */; settings = {ATTRIBUTES = (RemoveHeadersOnCopy, ); }; };
/* End PBXBuildFile section */

/* Begin PBXContainerItemProxy section */
		9A9A9A9A9A9A9A9A9A9A9A02 /* PBXContainerItemProxy */ = {
			isa = PBXContainerItemProxy;
			containerPortal = 8B8B8B8B8B8B8B8B8B8B8B01 /* Project object */;
			proxyType = 1;
			remoteGlobalIDString = 4D4D4D4D4D4D4D4D4D4D4D02;
			remoteInfo = TyplxKeyboard;
		};
/* End PBXContainerItemProxy section */

/* Begin PBXCopyFilesBuildPhase section */
		3C3C3C3C3C3C3C3C3C3C3C04 /* Embed Foundation Extensions */ = {
			isa = PBXCopyFilesBuildPhase;
			buildActionMask = 2147483647;
			dstPath = "";
			dstSubfolderSpec = 13;
			files = (
				2B2B2B2B2B2B2B2B2B2B2B0C /* TyplxKeyboard.appex in CopyFiles */,
			);
			name = "Embed Foundation Extensions";
			runOnlyForDeploymentPostprocessing = 0;
		};
/* End PBXCopyFilesBuildPhase section */

/* Begin PBXFileReference section */
		1A1A1A1A1A1A1A1A1A1A1A01 /* TyplxApp.swift */ = {isa = PBXFileReference; lastKnownFileType = sourcecode.swift; path = TyplxApp.swift; sourceTree = "<group>"; };
		1A1A1A1A1A1A1A1A1A1A1A02 /* ContentView.swift */ = {isa = PBXFileReference; lastKnownFileType = sourcecode.swift; path = ContentView.swift; sourceTree = "<group>"; };
		1A1A1A1A1A1A1A1A1A1A1A03 /* SettingsView.swift */ = {isa = PBXFileReference; lastKnownFileType = sourcecode.swift; path = SettingsView.swift; sourceTree = "<group>"; };
		1A1A1A1A1A1A1A1A1A1A1A04 /* SharedSettings.swift */ = {isa = PBXFileReference; lastKnownFileType = sourcecode.swift; path = SharedSettings.swift; sourceTree = "<group>"; };
		1A1A1A1A1A1A1A1A1A1A1A05 /* APIService.swift */ = {isa = PBXFileReference; lastKnownFileType = sourcecode.swift; path = APIService.swift; sourceTree = "<group>"; };
		1A1A1A1A1A1A1A1A1A1A1A06 /* Assets.xcassets */ = {isa = PBXFileReference; lastKnownFileType = folder.assetcatalog; path = Assets.xcassets; sourceTree = "<group>"; };
		1A1A1A1A1A1A1A1A1A1A1A07 /* Info.plist */ = {isa = PBXFileReference; lastKnownFileType = text.plist.xml; path = Info.plist; sourceTree = "<group>"; };
		1A1A1A1A1A1A1A1A1A1A1A08 /* Typlx.entitlements */ = {isa = PBXFileReference; lastKnownFileType = text.plist.entitlements; path = Typlx.entitlements; sourceTree = "<group>"; };
		1A1A1A1A1A1A1A1A1A1A1A09 /* KeyboardViewController.swift */ = {isa = PBXFileReference; lastKnownFileType = sourcecode.swift; path = KeyboardViewController.swift; sourceTree = "<group>"; };
		1A1A1A1A1A1A1A1A1A1A1A10 /* QWERTYKeyboardView.swift */ = {isa = PBXFileReference; lastKnownFileType = sourcecode.swift; path = QWERTYKeyboardView.swift; sourceTree = "<group>"; };
		1A1A1A1A1A1A1A1A1A1A1A11 /* KeyboardViewModel.swift */ = {isa = PBXFileReference; lastKnownFileType = sourcecode.swift; path = KeyboardViewModel.swift; sourceTree = "<group>"; };
		1A1A1A1A1A1A1A1A1A1A1A12 /* Info.plist */ = {isa = PBXFileReference; lastKnownFileType = text.plist.xml; path = Info.plist; sourceTree = "<group>"; };
		1A1A1A1A1A1A1A1A1A1A1A13 /* TyplxKeyboard.entitlements */ = {isa = PBXFileReference; lastKnownFileType = text.plist.entitlements; path = TyplxKeyboard.entitlements; sourceTree = "<group>"; };
		1A1A1A1A1A1A1A1A1A1A1A14 /* Typlx.app */ = {isa = PBXFileReference; explicitFileType = wrapper.application; includeInIndex = 0; path = Typlx.app; sourceTree = BUILT_PRODUCTS_DIR; };
		1A1A1A1A1A1A1A1A1A1A1A15 /* TyplxKeyboard.appex */ = {isa = PBXFileReference; explicitFileType = "wrapper.app-extension"; includeInIndex = 0; path = TyplxKeyboard.appex; sourceTree = BUILT_PRODUCTS_DIR; };
/* End PBXFileReference section */

/* Begin PBXFrameworksBuildPhase section */
		3C3C3C3C3C3C3C3C3C3C3C03 /* Frameworks (Typlx) */ = {
			isa = PBXFrameworksBuildPhase;
			buildActionMask = 2147483647;
			files = (
			);
			runOnlyForDeploymentPostprocessing = 0;
		};
		3C3C3C3C3C3C3C3C3C3C3C07 /* Frameworks (TyplxKeyboard) */ = {
			isa = PBXFrameworksBuildPhase;
			buildActionMask = 2147483647;
			files = (
			);
			runOnlyForDeploymentPostprocessing = 0;
		};
/* End PBXFrameworksBuildPhase section */

/* Begin PBXGroup section */
		7A7A7A7A7A7A7A7A7A7A7A01 /* Main Group */ = {
			isa = PBXGroup;
			children = (
				7A7A7A7A7A7A7A7A7A7A7A02 /* Typlx */,
				7A7A7A7A7A7A7A7A7A7A7A03 /* TyplxKeyboard */,
				7A7A7A7A7A7A7A7A7A7A7A04 /* Products */,
			);
			sourceTree = "<group>";
		};
		7A7A7A7A7A7A7A7A7A7A7A02 /* Typlx */ = {
			isa = PBXGroup;
			children = (
				1A1A1A1A1A1A1A1A1A1A1A01 /* TyplxApp.swift */,
				1A1A1A1A1A1A1A1A1A1A1A02 /* ContentView.swift */,
				1A1A1A1A1A1A1A1A1A1A1A03 /* SettingsView.swift */,
				1A1A1A1A1A1A1A1A1A1A1A04 /* SharedSettings.swift */,
				1A1A1A1A1A1A1A1A1A1A1A05 /* APIService.swift */,
				1A1A1A1A1A1A1A1A1A1A1A06 /* Assets.xcassets */,
				1A1A1A1A1A1A1A1A1A1A1A07 /* Info.plist */,
				1A1A1A1A1A1A1A1A1A1A1A08 /* Typlx.entitlements */,
			);
			path = Typlx;
			sourceTree = "<group>";
		};
		7A7A7A7A7A7A7A7A7A7A7A03 /* TyplxKeyboard */ = {
			isa = PBXGroup;
			children = (
				1A1A1A1A1A1A1A1A1A1A1A09 /* KeyboardViewController.swift */,
				1A1A1A1A1A1A1A1A1A1A1A10 /* QWERTYKeyboardView.swift */,
				1A1A1A1A1A1A1A1A1A1A1A11 /* KeyboardViewModel.swift */,
				1A1A1A1A1A1A1A1A1A1A1A12 /* Info.plist */,
				1A1A1A1A1A1A1A1A1A1A1A13 /* TyplxKeyboard.entitlements */,
			);
			path = TyplxKeyboard;
			sourceTree = "<group>";
		};
		7A7A7A7A7A7A7A7A7A7A7A04 /* Products */ = {
			isa = PBXGroup;
			children = (
				1A1A1A1A1A1A1A1A1A1A1A14 /* Typlx.app */,
				1A1A1A1A1A1A1A1A1A1A1A15 /* TyplxKeyboard.appex */,
			);
			name = Products;
			sourceTree = "<group>";
		};
/* End PBXGroup section */

/* Begin PBXNativeTarget section */
		4D4D4D4D4D4D4D4D4D4D4D01 /* Typlx */ = {
			isa = PBXNativeTarget;
			buildConfigurationList = 6F6F6F6F6F6F6F6F6F6F6F02 /* Build configuration list for PBXNativeTarget "Typlx" */;
			buildPhases = (
				3C3C3C3C3C3C3C3C3C3C3C01 /* Sources */,
				3C3C3C3C3C3C3C3C3C3C3C02 /* Resources */,
				3C3C3C3C3C3C3C3C3C3C3C03 /* Frameworks */,
				3C3C3C3C3C3C3C3C3C3C3C04 /* Embed Foundation Extensions */,
			);
			buildRules = (
			);
			dependencies = (
				9A9A9A9A9A9A9A9A9A9A9A01 /* PBXTargetDependency */,
			);
			name = Typlx;
			productName = Typlx;
			productReference = 1A1A1A1A1A1A1A1A1A1A1A14 /* Typlx.app */;
			productType = "com.apple.product-type.application";
		};
		4D4D4D4D4D4D4D4D4D4D4D02 /* TyplxKeyboard */ = {
			isa = PBXNativeTarget;
			buildConfigurationList = 6F6F6F6F6F6F6F6F6F6F6F03 /* Build configuration list for PBXNativeTarget "TyplxKeyboard" */;
			buildPhases = (
				3C3C3C3C3C3C3C3C3C3C3C05 /* Sources */,
				3C3C3C3C3C3C3C3C3C3C3C06 /* Resources */,
				3C3C3C3C3C3C3C3C3C3C3C07 /* Frameworks */,
			);
			buildRules = (
			);
			dependencies = (
			);
			name = TyplxKeyboard;
			productName = TyplxKeyboard;
			productReference = 1A1A1A1A1A1A1A1A1A1A1A15 /* TyplxKeyboard.appex */;
			productType = "com.apple.product-type.app-extension";
		};
/* End PBXNativeTarget section */

/* Begin PBXProject section */
		8B8B8B8B8B8B8B8B8B8B8B01 /* Project object */ = {
			isa = PBXProject;
			attributes = {
				BuildIndependentTargetsInParallel = 1;
				LastUpgradeCheck = 1500;
				ORGANIZATIONNAME = Typlx;
				TargetAttributes = {
					4D4D4D4D4D4D4D4D4D4D4D01 = {
						CreatedOnToolsVersion = 15.0;
					};
					4D4D4D4D4D4D4D4D4D4D4D02 = {
						CreatedOnToolsVersion = 15.0;
					};
				};
			};
			buildConfigurationList = 6F6F6F6F6F6F6F6F6F6F6F01 /* Build configuration list for PBXProject "Typlx" */;
			compatibilityVersion = "Xcode 14.0";
			developmentRegion = en;
			hasScannedForEncodings = 0;
			knownRegions = (
				en,
				Base,
			);
			mainGroup = 7A7A7A7A7A7A7A7A7A7A7A01;
			productRefGroup = 7A7A7A7A7A7A7A7A7A7A7A04 /* Products */;
			projectDirPath = "";
			projectRoot = "";
			targets = (
				4D4D4D4D4D4D4D4D4D4D4D01 /* Typlx */,
				4D4D4D4D4D4D4D4D4D4D4D02 /* TyplxKeyboard */,
			);
		};
/* End PBXProject section */

/* Begin PBXResourcesBuildPhase section */
		3C3C3C3C3C3C3C3C3C3C3C02 /* Resources (Typlx) */ = {
			isa = PBXResourcesBuildPhase;
			buildActionMask = 2147483647;
			files = (
				2B2B2B2B2B2B2B2B2B2B2B06 /* Assets.xcassets in Resources */,
			);
			runOnlyForDeploymentPostprocessing = 0;
		};
		3C3C3C3C3C3C3C3C3C3C3C06 /* Resources (TyplxKeyboard) */ = {
			isa = PBXResourcesBuildPhase;
			buildActionMask = 2147483647;
			files = (
			);
			runOnlyForDeploymentPostprocessing = 0;
		};
/* End PBXResourcesBuildPhase section */

/* Begin PBXSourcesBuildPhase section */
		3C3C3C3C3C3C3C3C3C3C3C01 /* Sources (Typlx) */ = {
			isa = PBXSourcesBuildPhase;
			buildActionMask = 2147483647;
			files = (
				2B2B2B2B2B2B2B2B2B2B2B01 /* TyplxApp.swift in Sources */,
				2B2B2B2B2B2B2B2B2B2B2B02 /* ContentView.swift in Sources */,
				2B2B2B2B2B2B2B2B2B2B2B03 /* SettingsView.swift in Sources */,
				2B2B2B2B2B2B2B2B2B2B2B04 /* SharedSettings.swift in Sources */,
				2B2B2B2B2B2B2B2B2B2B2B05 /* APIService.swift in Sources */,
			);
			runOnlyForDeploymentPostprocessing = 0;
		};
		3C3C3C3C3C3C3C3C3C3C3C05 /* Sources (TyplxKeyboard) */ = {
			isa = PBXSourcesBuildPhase;
			buildActionMask = 2147483647;
			files = (
				2B2B2B2B2B2B2B2B2B2B2B07 /* KeyboardViewController.swift in Sources */,
				2B2B2B2B2B2B2B2B2B2B2B08 /* QWERTYKeyboardView.swift in Sources */,
				2B2B2B2B2B2B2B2B2B2B2B09 /* KeyboardViewModel.swift in Sources */,
				2B2B2B2B2B2B2B2B2B2B2B0A /* SharedSettings.swift in Sources */,
				2B2B2B2B2B2B2B2B2B2B2B0B /* APIService.swift in Sources */,
			);
			runOnlyForDeploymentPostprocessing = 0;
		};
/* End PBXSourcesBuildPhase section */

/* Begin PBXTargetDependency section */
		9A9A9A9A9A9A9A9A9A9A9A01 /* PBXTargetDependency */ = {
			isa = PBXTargetDependency;
			target = 4D4D4D4D4D4D4D4D4D4D4D02 /* TyplxKeyboard */;
			targetProxy = 9A9A9A9A9A9A9A9A9A9A9A02 /* PBXContainerItemProxy */;
		};
/* End PBXTargetDependency section */

/* Begin XCBuildConfiguration section */
		5E5E5E5E5E5E5E5E5E5E5E01 /* Debug (Project) */ = {
			isa = XCBuildConfiguration;
			buildSettings = {
				ALWAYS_SEARCH_USER_PATHS = NO;
				CLANG_ANALYZER_NONNULL = YES;
				CLANG_ENABLE_MODULES = YES;
				CLANG_ENABLE_OBJC_ARC = YES;
				CLANG_ENABLE_OBJC_WEAK = YES;
				COPY_PHASE_STRIP = NO;
				DEBUG_INFORMATION_FORMAT = dwarf;
				ENABLE_STRICT_OBJC_MSGSEND = YES;
				ENABLE_TESTABILITY = YES;
				GCC_C_LANGUAGE_STANDARD = gnu11;
				GCC_DYNAMIC_NO_PIC = NO;
				GCC_OPTIMIZATION_LEVEL = 0;
				GCC_PREPROCESSOR_DEFINITIONS = (
					"DEBUG=1",
					"$(inherited)",
				);
				GCC_WARN_64_TO_32_BIT_CONVERSION = YES;
				GCC_WARN_ABOUT_RETURN_TYPE = YES_ERROR;
				GCC_WARN_UNDECLARED_SELECTOR = YES;
				GCC_WARN_UNINITIALIZED_AUTOS = YES_AGGRESSIVE;
				GCC_WARN_UNUSED_FUNCTION = YES;
				GCC_WARN_UNUSED_VARIABLE = YES;
				IPHONEOS_DEPLOYMENT_TARGET = 16.0;
				MTL_ENABLE_DEBUG_INFO = INCLUDE_SOURCE;
				MTL_FAST_MATH = YES;
				ONLY_ACTIVE_ARCH = YES;
				SDKROOT = iphoneos;
				SWIFT_ACTIVE_COMPILATION_CONDITIONS = DEBUG;
				SWIFT_OPTIMIZATION_LEVEL = "-Onone";
			};
			name = Debug;
		};
		5E5E5E5E5E5E5E5E5E5E5E02 /* Release (Project) */ = {
			isa = XCBuildConfiguration;
			buildSettings = {
				ALWAYS_SEARCH_USER_PATHS = NO;
				CLANG_ANALYZER_NONNULL = YES;
				CLANG_ENABLE_MODULES = YES;
				CLANG_ENABLE_OBJC_ARC = YES;
				CLANG_ENABLE_OBJC_WEAK = YES;
				COPY_PHASE_STRIP = NO;
				DEBUG_INFORMATION_FORMAT = "dwarf-with-dsym";
				ENABLE_NS_ASSERTIONS = NO;
				ENABLE_STRICT_OBJC_MSGSEND = YES;
				GCC_C_LANGUAGE_STANDARD = gnu11;
				GCC_WARN_64_TO_32_BIT_CONVERSION = YES;
				GCC_WARN_ABOUT_RETURN_TYPE = YES_ERROR;
				GCC_WARN_UNDECLARED_SELECTOR = YES;
				GCC_WARN_UNINITIALIZED_AUTOS = YES_AGGRESSIVE;
				GCC_WARN_UNUSED_FUNCTION = YES;
				GCC_WARN_UNUSED_VARIABLE = YES;
				IPHONEOS_DEPLOYMENT_TARGET = 16.0;
				MTL_FAST_MATH = YES;
				SDKROOT = iphoneos;
				SWIFT_COMPILATION_MODE = wholemodule;
				SWIFT_OPTIMIZATION_LEVEL = "-O";
				VALIDATE_PRODUCT = YES;
			};
			name = Release;
		};
		5E5E5E5E5E5E5E5E5E5E5E03 /* Debug (Typlx) */ = {
			isa = XCBuildConfiguration;
			buildSettings = {
				ASSETCATALOG_COMPILER_APPICON_NAME = AppIcon;
				ASSETCATALOG_COMPILER_GLOBAL_ACCENT_COLOR_NAME = AccentColor;
				CODE_SIGN_ENTITLEMENTS = Typlx/Typlx.entitlements;
				CODE_SIGN_STYLE = Automatic;
				CURRENT_PROJECT_VERSION = 1;
				DEVELOPMENT_TEAM = "";
				GENERATE_INFOPLIST_FILE = NO;
				INFOPLIST_FILE = "Typlx/Info.plist";
				LD_RUNPATH_SEARCH_PATHS = (
					"$(inherited)",
					"@executable_path/Frameworks",
				);
				MARKETING_VERSION = 1.0;
				PRODUCT_BUNDLE_IDENTIFIER = "com.typlx.grammar-keyboard";
				PRODUCT_NAME = "$(TARGET_NAME)";
				SWIFT_EMIT_LOC_STRINGS = YES;
				SWIFT_VERSION = 5.0;
				TARGETED_DEVICE_FAMILY = "1,2";
			};
			name = Debug;
		};
		5E5E5E5E5E5E5E5E5E5E5E04 /* Release (Typlx) */ = {
			isa = XCBuildConfiguration;
			buildSettings = {
				ASSETCATALOG_COMPILER_APPICON_NAME = AppIcon;
				ASSETCATALOG_COMPILER_GLOBAL_ACCENT_COLOR_NAME = AccentColor;
				CODE_SIGN_ENTITLEMENTS = Typlx/Typlx.entitlements;
				CODE_SIGN_STYLE = Automatic;
				CURRENT_PROJECT_VERSION = 1;
				DEVELOPMENT_TEAM = "";
				GENERATE_INFOPLIST_FILE = NO;
				INFOPLIST_FILE = "Typlx/Info.plist";
				LD_RUNPATH_SEARCH_PATHS = (
					"$(inherited)",
					"@executable_path/Frameworks",
				);
				MARKETING_VERSION = 1.0;
				PRODUCT_BUNDLE_IDENTIFIER = "com.typlx.grammar-keyboard";
				PRODUCT_NAME = "$(TARGET_NAME)";
				SWIFT_EMIT_LOC_STRINGS = YES;
				SWIFT_VERSION = 5.0;
				TARGETED_DEVICE_FAMILY = "1,2";
			};
			name = Release;
		};
		5E5E5E5E5E5E5E5E5E5E5E05 /* Debug (TyplxKeyboard) */ = {
			isa = XCBuildConfiguration;
			buildSettings = {
				CODE_SIGN_ENTITLEMENTS = TyplxKeyboard/TyplxKeyboard.entitlements;
				CODE_SIGN_STYLE = Automatic;
				CURRENT_PROJECT_VERSION = 1;
				DEVELOPMENT_TEAM = "";
				GENERATE_INFOPLIST_FILE = NO;
				INFOPLIST_FILE = "TyplxKeyboard/Info.plist";
				LD_RUNPATH_SEARCH_PATHS = (
					"$(inherited)",
					"@executable_path/../../Frameworks",
				);
				MARKETING_VERSION = 1.0;
				PRODUCT_BUNDLE_IDENTIFIER = "com.typlx.grammar-keyboard.keyboard";
				PRODUCT_NAME = "$(TARGET_NAME)";
				SKIP_INSTALL = YES;
				SWIFT_EMIT_LOC_STRINGS = YES;
				SWIFT_VERSION = 5.0;
				TARGETED_DEVICE_FAMILY = "1,2";
			};
			name = Debug;
		};
		5E5E5E5E5E5E5E5E5E5E5E06 /* Release (TyplxKeyboard) */ = {
			isa = XCBuildConfiguration;
			buildSettings = {
				CODE_SIGN_ENTITLEMENTS = TyplxKeyboard/TyplxKeyboard.entitlements;
				CODE_SIGN_STYLE = Automatic;
				CURRENT_PROJECT_VERSION = 1;
				DEVELOPMENT_TEAM = "";
				GENERATE_INFOPLIST_FILE = NO;
				INFOPLIST_FILE = "TyplxKeyboard/Info.plist";
				LD_RUNPATH_SEARCH_PATHS = (
					"$(inherited)",
					"@executable_path/../../Frameworks",
				);
				MARKETING_VERSION = 1.0;
				PRODUCT_BUNDLE_IDENTIFIER = "com.typlx.grammar-keyboard.keyboard";
				PRODUCT_NAME = "$(TARGET_NAME)";
				SKIP_INSTALL = YES;
				SWIFT_EMIT_LOC_STRINGS = YES;
				SWIFT_VERSION = 5.0;
				TARGETED_DEVICE_FAMILY = "1,2";
			};
			name = Release;
		};
/* End XCBuildConfiguration section */

/* Begin XCConfigurationList section */
		6F6F6F6F6F6F6F6F6F6F6F01 /* Build configuration list for PBXProject "Typlx" */ = {
			isa = XCConfigurationList;
			buildConfigurations = (
				5E5E5E5E5E5E5E5E5E5E5E01 /* Debug */,
				5E5E5E5E5E5E5E5E5E5E5E02 /* Release */,
			);
			defaultConfigurationIsVisible = 0;
			defaultConfigurationName = Release;
		};
		6F6F6F6F6F6F6F6F6F6F6F02 /* Build configuration list for PBXNativeTarget "Typlx" */ = {
			isa = XCConfigurationList;
			buildConfigurations = (
				5E5E5E5E5E5E5E5E5E5E5E03 /* Debug */,
				5E5E5E5E5E5E5E5E5E5E5E04 /* Release */,
			);
			defaultConfigurationIsVisible = 0;
			defaultConfigurationName = Release;
		};
		6F6F6F6F6F6F6F6F6F6F6F03 /* Build configuration list for PBXNativeTarget "TyplxKeyboard" */ = {
			isa = XCConfigurationList;
			buildConfigurations = (
				5E5E5E5E5E5E5E5E5E5E5E05 /* Debug */,
				5E5E5E5E5E5E5E5E5E5E5E06 /* Release */,
			);
			defaultConfigurationIsVisible = 0;
			defaultConfigurationName = Release;
		};
/* End XCConfigurationList section */

	};
	rootObject = 8B8B8B8B8B8B8B8B8B8B8B01 /* Project object */;
}
